// !$*UTF8*$!
{
	archiveVersion = 1;
	classes = {
	};
	objectVersion = 70;
	objects = {

/* Begin PBXBuildFile section */
		525245802D4174F5008BED40 /* FluidGradient in Frameworks */ = {isa = PBXBuildFile; productRef = 5252457F2D4174F5008BED40 /* FluidGradient */; };
		526D4C0F2AF3B6EA0089A633 /* StoreKit.framework in Frameworks */ = {isa = PBXBuildFile; fileRef = 526D4C0E2AF3B6EA0089A633 /* StoreKit.framework */; };
		52A4DD7A2AFC574B00DB7783 /* ToS;DR Extension Extension iOS.appex in Embed Foundation Extensions */ = {isa = PBXBuildFile; fileRef = 52A4DD372AFC571400DB7783 /* ToS;DR Extension Extension iOS.appex */; platformFilter = ios; settings = {ATTRIBUTES = (RemoveHeadersOnCopy, ); }; };
		52A4DD7E2AFC575300DB7783 /* ToS;DR Extension Extension macOS.appex in Embed Foundation Extensions */ = {isa = PBXBuildFile; fileRef = 52A4DD412AFC571500DB7783 /* ToS;DR Extension Extension macOS.appex */; platformFilters = (macos, ); settings = {ATTRIBUTES = (RemoveHeadersOnCopy, ); }; };
		52BF157E2AFAE4F50010BC01 /* CachedAsyncImage in Frameworks */ = {isa = PBXBuildFile; productRef = 52BF157D2AFAE4F50010BC01 /* CachedAsyncImage */; };
		52D4829E2AFA46AB00736B89 /* CachedAsyncImage in Frameworks */ = {isa = PBXBuildFile; productRef = 52D4829D2AFA46AB00736B89 /* CachedAsyncImage */; };
/* End PBXBuildFile section */

/* Begin PBXContainerItemProxy section */
		52A4DD7B2AFC574C00DB7783 /* PBXContainerItemProxy */ = {
			isa = PBXContainerItemProxy;
			containerPortal = 526D4BE22AF2543A0089A633 /* Project object */;
			proxyType = 1;
			remoteGlobalIDString = 52A4DD362AFC571400DB7783;
			remoteInfo = "ToS;DR Extension Extension (iOS)";
		};
		52A4DD7F2AFC575300DB7783 /* PBXContainerItemProxy */ = {
			isa = PBXContainerItemProxy;
			containerPortal = 526D4BE22AF2543A0089A633 /* Project object */;
			proxyType = 1;
			remoteGlobalIDString = 52A4DD402AFC571500DB7783;
			remoteInfo = "ToS;DR Extension Extension (macOS)";
		};
/* End PBXContainerItemProxy section */

/* Begin PBXCopyFilesBuildPhase section */
		52A4DD7D2AFC574C00DB7783 /* Embed Foundation Extensions */ = {
			isa = PBXCopyFilesBuildPhase;
			buildActionMask = 2147483647;
			dstPath = "";
			dstSubfolderSpec = 13;
			files = (
				52A4DD7E2AFC575300DB7783 /* ToS;DR Extension Extension macOS.appex in Embed Foundation Extensions */,
				52A4DD7A2AFC574B00DB7783 /* ToS;DR Extension Extension iOS.appex in Embed Foundation Extensions */,
			);
			name = "Embed Foundation Extensions";
			runOnlyForDeploymentPostprocessing = 0;
		};
/* End PBXCopyFilesBuildPhase section */

/* Begin PBXFileReference section */
		526D4BEA2AF2543A0089A633 /* ToS;DR.app */ = {isa = PBXFileReference; explicitFileType = wrapper.application; includeInIndex = 0; path = "ToS;DR.app"; sourceTree = BUILT_PRODUCTS_DIR; };
		526D4C0C2AF3B62D0089A633 /* ToS-DR-Info.plist */ = {isa = PBXFileReference; lastKnownFileType = text.plist.xml; path = "ToS-DR-Info.plist"; sourceTree = SOURCE_ROOT; };
		526D4C0E2AF3B6EA0089A633 /* StoreKit.framework */ = {isa = PBXFileReference; lastKnownFileType = wrapper.framework; name = StoreKit.framework; path = System/Library/Frameworks/StoreKit.framework; sourceTree = SDKROOT; };
		52A4DD372AFC571400DB7783 /* ToS;DR Extension Extension iOS.appex */ = {isa = PBXFileReference; explicitFileType = "wrapper.app-extension"; includeInIndex = 0; path = "ToS;DR Extension Extension iOS.appex"; sourceTree = BUILT_PRODUCTS_DIR; };
		52A4DD412AFC571500DB7783 /* ToS;DR Extension Extension macOS.appex */ = {isa = PBXFileReference; explicitFileType = "wrapper.app-extension"; includeInIndex = 0; path = "ToS;DR Extension Extension macOS.appex"; sourceTree = BUILT_PRODUCTS_DIR; };
/* End PBXFileReference section */

/* Begin PBXFileSystemSynchronizedBuildFileExceptionSet section */
		525245642D41720A008BED40 /* PBXFileSystemSynchronizedBuildFileExceptionSet */ = {
			isa = PBXFileSystemSynchronizedBuildFileExceptionSet;
			membershipExceptions = (
				"ToS;DR.storekit",
			);
			target = 526D4BE92AF2543A0089A633 /* ToS;DR */;
		};
/* End PBXFileSystemSynchronizedBuildFileExceptionSet section */

/* Begin PBXFileSystemSynchronizedRootGroup section */
		525245492D41720A008BED40 /* ToS;DR */ = {isa = PBXFileSystemSynchronizedRootGroup; exceptions = (525245642D41720A008BED40 /* PBXFileSystemSynchronizedBuildFileExceptionSet */, ); explicitFileTypes = {}; explicitFolders = (); path = "ToS;DR"; sourceTree = "<group>"; };
		525245662D41721A008BED40 /* iOS (Extension) */ = {isa = PBXFileSystemSynchronizedRootGroup; explicitFileTypes = {}; explicitFolders = (); path = "iOS (Extension)"; sourceTree = "<group>"; };
		525245692D41721A008BED40 /* macOS (Extension) */ = {isa = PBXFileSystemSynchronizedRootGroup; explicitFileTypes = {}; explicitFolders = (); path = "macOS (Extension)"; sourceTree = "<group>"; };
		525245712D41721A008BED40 /* Shared (Extension) */ = {isa = PBXFileSystemSynchronizedRootGroup; explicitFileTypes = {}; explicitFolders = (Resources/_locales, Resources/icons, Resources/scripts, Resources/views, ); path = "Shared (Extension)"; sourceTree = "<group>"; };
/* End PBXFileSystemSynchronizedRootGroup section */

/* Begin PBXFrameworksBuildPhase section */
		526D4BE72AF2543A0089A633 /* Frameworks */ = {
			isa = PBXFrameworksBuildPhase;
			buildActionMask = 2147483647;
			files = (
				52D4829E2AFA46AB00736B89 /* CachedAsyncImage in Frameworks */,
				526D4C0F2AF3B6EA0089A633 /* StoreKit.framework in Frameworks */,
				52BF157E2AFAE4F50010BC01 /* CachedAsyncImage in Frameworks */,
				525245802D4174F5008BED40 /* FluidGradient in Frameworks */,
			);
			runOnlyForDeploymentPostprocessing = 0;
		};
		52A4DD342AFC571400DB7783 /* Frameworks */ = {
			isa = PBXFrameworksBuildPhase;
			buildActionMask = 2147483647;
			files = (
			);
			runOnlyForDeploymentPostprocessing = 0;
		};
		52A4DD3E2AFC571500DB7783 /* Frameworks */ = {
			isa = PBXFrameworksBuildPhase;
			buildActionMask = 2147483647;
			files = (
			);
			runOnlyForDeploymentPostprocessing = 0;
		};
/* End PBXFrameworksBuildPhase section */

/* Begin PBXGroup section */
		526D4BE12AF2543A0089A633 = {
			isa = PBXGroup;
			children = (
				526D4C0C2AF3B62D0089A633 /* ToS-DR-Info.plist */,
				525245492D41720A008BED40 /* ToS;DR */,
				525245712D41721A008BED40 /* Shared (Extension) */,
				525245662D41721A008BED40 /* iOS (Extension) */,
				525245692D41721A008BED40 /* macOS (Extension) */,
				526D4BEB2AF2543A0089A633 /* Products */,
				526D4C0D2AF3B6EA0089A633 /* Frameworks */,
			);
			sourceTree = "<group>";
		};
		526D4BEB2AF2543A0089A633 /* Products */ = {
			isa = PBXGroup;
			children = (
				526D4BEA2AF2543A0089A633 /* ToS;DR.app */,
				52A4DD372AFC571400DB7783 /* ToS;DR Extension Extension iOS.appex */,
				52A4DD412AFC571500DB7783 /* ToS;DR Extension Extension macOS.appex */,
			);
			name = Products;
			sourceTree = "<group>";
		};
		526D4C0D2AF3B6EA0089A633 /* Frameworks */ = {
			isa = PBXGroup;
			children = (
				526D4C0E2AF3B6EA0089A633 /* StoreKit.framework */,
			);
			name = Frameworks;
			sourceTree = "<group>";
		};
/* End PBXGroup section */

/* Begin PBXNativeTarget section */
		526D4BE92AF2543A0089A633 /* ToS;DR */ = {
			isa = PBXNativeTarget;
			buildConfigurationList = 526D4BF92AF2543B0089A633 /* Build configuration list for PBXNativeTarget "ToS;DR" */;
			buildPhases = (
				526D4BE62AF2543A0089A633 /* Sources */,
				526D4BE72AF2543A0089A633 /* Frameworks */,
				526D4BE82AF2543A0089A633 /* Resources */,
				52A4DD7D2AFC574C00DB7783 /* Embed Foundation Extensions */,
			);
			buildRules = (
			);
			dependencies = (
				52A4DD7C2AFC574C00DB7783 /* PBXTargetDependency */,
				52A4DD802AFC575300DB7783 /* PBXTargetDependency */,
			);
			fileSystemSynchronizedGroups = (
				525245492D41720A008BED40 /* ToS;DR */,
			);
			name = "ToS;DR";
			packageProductDependencies = (
				52D4829D2AFA46AB00736B89 /* CachedAsyncImage */,
				52BF157D2AFAE4F50010BC01 /* CachedAsyncImage */,
				5252457F2D4174F5008BED40 /* FluidGradient */,
			);
			productName = "ToS;DR";
			productReference = 526D4BEA2AF2543A0089A633 /* ToS;DR.app */;
			productType = "com.apple.product-type.application";
		};
		52A4DD362AFC571400DB7783 /* ToS;DR Extension Extension (iOS) */ = {
			isa = PBXNativeTarget;
			buildConfigurationList = 52A4DD662AFC571600DB7783 /* Build configuration list for PBXNativeTarget "ToS;DR Extension Extension (iOS)" */;
			buildPhases = (
				52A4DD332AFC571400DB7783 /* Sources */,
				52A4DD342AFC571400DB7783 /* Frameworks */,
				52A4DD352AFC571400DB7783 /* Resources */,
			);
			buildRules = (
			);
			dependencies = (
			);
			fileSystemSynchronizedGroups = (
				525245712D41721A008BED40 /* Shared (Extension) */,
			);
			name = "ToS;DR Extension Extension (iOS)";
			productName = "ToS;DR Extension Extension (iOS)";
			productReference = 52A4DD372AFC571400DB7783 /* ToS;DR Extension Extension iOS.appex */;
			productType = "com.apple.product-type.app-extension";
		};
		52A4DD402AFC571500DB7783 /* ToS;DR Extension Extension (macOS) */ = {
			isa = PBXNativeTarget;
			buildConfigurationList = 52A4DD6D2AFC571600DB7783 /* Build configuration list for PBXNativeTarget "ToS;DR Extension Extension (macOS)" */;
			buildPhases = (
				52A4DD3D2AFC571500DB7783 /* Sources */,
				52A4DD3E2AFC571500DB7783 /* Frameworks */,
				52A4DD3F2AFC571500DB7783 /* Resources */,
			);
			buildRules = (
			);
			dependencies = (
			);
			fileSystemSynchronizedGroups = (
				525245712D41721A008BED40 /* Shared (Extension) */,
			);
			name = "ToS;DR Extension Extension (macOS)";
			productName = "ToS;DR Extension Extension (macOS)";
			productReference = 52A4DD412AFC571500DB7783 /* ToS;DR Extension Extension macOS.appex */;
			productType = "com.apple.product-type.app-extension";
		};
/* End PBXNativeTarget section */

/* Begin PBXProject section */
		526D4BE22AF2543A0089A633 /* Project object */ = {
			isa = PBXProject;
			attributes = {
				BuildIndependentTargetsInParallel = 1;
				LastSwiftUpdateCheck = 1510;
				LastUpgradeCheck = 1620;
				TargetAttributes = {
					526D4BE92AF2543A0089A633 = {
						CreatedOnToolsVersion = 15.1;
					};
					52A4DD362AFC571400DB7783 = {
						CreatedOnToolsVersion = 15.1;
					};
					52A4DD402AFC571500DB7783 = {
						CreatedOnToolsVersion = 15.1;
					};
				};
			};
			buildConfigurationList = 526D4BE52AF2543A0089A633 /* Build configuration list for PBXProject "ToS;DR" */;
			compatibilityVersion = "Xcode 14.0";
			developmentRegion = en;
			hasScannedForEncodings = 0;
			knownRegions = (
				en,
				Base,
				de,
			);
			mainGroup = 526D4BE12AF2543A0089A633;
			packageReferences = (
				52D4829C2AFA46AB00736B89 /* XCRemoteSwiftPackageReference "swiftui-cached-async-image" */,
				5252457E2D4174F5008BED40 /* XCRemoteSwiftPackageReference "FluidGradient" */,
			);
			productRefGroup = 526D4BEB2AF2543A0089A633 /* Products */;
			projectDirPath = "";
			projectRoot = "";
			targets = (
				526D4BE92AF2543A0089A633 /* ToS;DR */,
				52A4DD362AFC571400DB7783 /* ToS;DR Extension Extension (iOS) */,
				52A4DD402AFC571500DB7783 /* ToS;DR Extension Extension (macOS) */,
			);
		};
/* End PBXProject section */

/* Begin PBXResourcesBuildPhase section */
		526D4BE82AF2543A0089A633 /* Resources */ = {
			isa = PBXResourcesBuildPhase;
			buildActionMask = 2147483647;
			files = (
			);
			runOnlyForDeploymentPostprocessing = 0;
		};
		52A4DD352AFC571400DB7783 /* Resources */ = {
			isa = PBXResourcesBuildPhase;
			buildActionMask = 2147483647;
			files = (
			);
			runOnlyForDeploymentPostprocessing = 0;
		};
		52A4DD3F2AFC571500DB7783 /* Resources */ = {
			isa = PBXResourcesBuildPhase;
			buildActionMask = 2147483647;
			files = (
			);
			runOnlyForDeploymentPostprocessing = 0;
		};
/* End PBXResourcesBuildPhase section */

/* Begin PBXSourcesBuildPhase section */
		526D4BE62AF2543A0089A633 /* Sources */ = {
			isa = PBXSourcesBuildPhase;
			buildActionMask = 2147483647;
			files = (
			);
			runOnlyForDeploymentPostprocessing = 0;
		};
		52A4DD332AFC571400DB7783 /* Sources */ = {
			isa = PBXSourcesBuildPhase;
			buildActionMask = 2147483647;
			files = (
			);
			runOnlyForDeploymentPostprocessing = 0;
		};
		52A4DD3D2AFC571500DB7783 /* Sources */ = {
			isa = PBXSourcesBuildPhase;
			buildActionMask = 2147483647;
			files = (
			);
			runOnlyForDeploymentPostprocessing = 0;
		};
/* End PBXSourcesBuildPhase section */

/* Begin PBXTargetDependency section */
		52A4DD7C2AFC574C00DB7783 /* PBXTargetDependency */ = {
			isa = PBXTargetDependency;
			platformFilter = ios;
			target = 52A4DD362AFC571400DB7783 /* ToS;DR Extension Extension (iOS) */;
			targetProxy = 52A4DD7B2AFC574C00DB7783 /* PBXContainerItemProxy */;
		};
		52A4DD802AFC575300DB7783 /* PBXTargetDependency */ = {
			isa = PBXTargetDependency;
			platformFilters = (
				macos,
			);
			target = 52A4DD402AFC571500DB7783 /* ToS;DR Extension Extension (macOS) */;
			targetProxy = 52A4DD7F2AFC575300DB7783 /* PBXContainerItemProxy */;
		};
/* End PBXTargetDependency section */

/* Begin XCBuildConfiguration section */
		526D4BF72AF2543B0089A633 /* Debug */ = {
			isa = XCBuildConfiguration;
			buildSettings = {
				ALWAYS_SEARCH_USER_PATHS = NO;
				ASSETCATALOG_COMPILER_GENERATE_SWIFT_ASSET_SYMBOL_EXTENSIONS = YES;
				CLANG_ANALYZER_LOCALIZABILITY_NONLOCALIZED = YES;
				CLANG_ANALYZER_NONNULL = YES;
				CLANG_ANALYZER_NUMBER_OBJECT_CONVERSION = YES_AGGRESSIVE;
				CLANG_CXX_LANGUAGE_STANDARD = "gnu++20";
				CLANG_ENABLE_MODULES = YES;
				CLANG_ENABLE_OBJC_ARC = YES;
				CLANG_ENABLE_OBJC_WEAK = YES;
				CLANG_WARN_BLOCK_CAPTURE_AUTORELEASING = YES;
				CLANG_WARN_BOOL_CONVERSION = YES;
				CLANG_WARN_COMMA = YES;
				CLANG_WARN_CONSTANT_CONVERSION = YES;
				CLANG_WARN_DEPRECATED_OBJC_IMPLEMENTATIONS = YES;
				CLANG_WARN_DIRECT_OBJC_ISA_USAGE = YES_ERROR;
				CLANG_WARN_DOCUMENTATION_COMMENTS = YES;
				CLANG_WARN_EMPTY_BODY = YES;
				CLANG_WARN_ENUM_CONVERSION = YES;
				CLANG_WARN_INFINITE_RECURSION = YES;
				CLANG_WARN_INT_CONVERSION = YES;
				CLANG_WARN_NON_LITERAL_NULL_CONVERSION = YES;
				CLANG_WARN_OBJC_IMPLICIT_RETAIN_SELF = YES;
				CLANG_WARN_OBJC_LITERAL_CONVERSION = YES;
				CLANG_WARN_OBJC_ROOT_CLASS = YES_ERROR;
				CLANG_WARN_QUOTED_INCLUDE_IN_FRAMEWORK_HEADER = YES;
				CLANG_WARN_RANGE_LOOP_ANALYSIS = YES;
				CLANG_WARN_STRICT_PROTOTYPES = YES;
				CLANG_WARN_SUSPICIOUS_MOVE = YES;
				CLANG_WARN_UNGUARDED_AVAILABILITY = YES_AGGRESSIVE;
				CLANG_WARN_UNREACHABLE_CODE = YES;
				CLANG_WARN__DUPLICATE_METHOD_MATCH = YES;
				COPY_PHASE_STRIP = NO;
				DEAD_CODE_STRIPPING = YES;
				DEBUG_INFORMATION_FORMAT = dwarf;
				ENABLE_STRICT_OBJC_MSGSEND = YES;
				ENABLE_TESTABILITY = YES;
				ENABLE_USER_SCRIPT_SANDBOXING = YES;
				GCC_C_LANGUAGE_STANDARD = gnu17;
				GCC_DYNAMIC_NO_PIC = NO;
				GCC_NO_COMMON_BLOCKS = YES;
				GCC_OPTIMIZATION_LEVEL = 0;
				GCC_PREPROCESSOR_DEFINITIONS = (
					"DEBUG=1",
					"$(inherited)",
				);
				GCC_WARN_64_TO_32_BIT_CONVERSION = YES;
				GCC_WARN_ABOUT_RETURN_TYPE = YES_ERROR;
				GCC_WARN_UNDECLARED_SELECTOR = YES;
				GCC_WARN_UNINITIALIZED_AUTOS = YES_AGGRESSIVE;
				GCC_WARN_UNUSED_FUNCTION = YES;
				GCC_WARN_UNUSED_VARIABLE = YES;
				LOCALIZATION_PREFERS_STRING_CATALOGS = YES;
				MTL_ENABLE_DEBUG_INFO = INCLUDE_SOURCE;
				MTL_FAST_MATH = YES;
				ONLY_ACTIVE_ARCH = YES;
				SWIFT_ACTIVE_COMPILATION_CONDITIONS = "DEBUG $(inherited)";
				SWIFT_EMIT_LOC_STRINGS = YES;
				SWIFT_OPTIMIZATION_LEVEL = "-Onone";
			};
			name = Debug;
		};
		526D4BF82AF2543B0089A633 /* Release */ = {
			isa = XCBuildConfiguration;
			buildSettings = {
				ALWAYS_SEARCH_USER_PATHS = NO;
				ASSETCATALOG_COMPILER_GENERATE_SWIFT_ASSET_SYMBOL_EXTENSIONS = YES;
				CLANG_ANALYZER_LOCALIZABILITY_NONLOCALIZED = YES;
				CLANG_ANALYZER_NONNULL = YES;
				CLANG_ANALYZER_NUMBER_OBJECT_CONVERSION = YES_AGGRESSIVE;
				CLANG_CXX_LANGUAGE_STANDARD = "gnu++20";
				CLANG_ENABLE_MODULES = YES;
				CLANG_ENABLE_OBJC_ARC = YES;
				CLANG_ENABLE_OBJC_WEAK = YES;
				CLANG_WARN_BLOCK_CAPTURE_AUTORELEASING = YES;
				CLANG_WARN_BOOL_CONVERSION = YES;
				CLANG_WARN_COMMA = YES;
				CLANG_WARN_CONSTANT_CONVERSION = YES;
				CLANG_WARN_DEPRECATED_OBJC_IMPLEMENTATIONS = YES;
				CLANG_WARN_DIRECT_OBJC_ISA_USAGE = YES_ERROR;
				CLANG_WARN_DOCUMENTATION_COMMENTS = YES;
				CLANG_WARN_EMPTY_BODY = YES;
				CLANG_WARN_ENUM_CONVERSION = YES;
				CLANG_WARN_INFINITE_RECURSION = YES;
				CLANG_WARN_INT_CONVERSION = YES;
				CLANG_WARN_NON_LITERAL_NULL_CONVERSION = YES;
				CLANG_WARN_OBJC_IMPLICIT_RETAIN_SELF = YES;
				CLANG_WARN_OBJC_LITERAL_CONVERSION = YES;
				CLANG_WARN_OBJC_ROOT_CLASS = YES_ERROR;
				CLANG_WARN_QUOTED_INCLUDE_IN_FRAMEWORK_HEADER = YES;
				CLANG_WARN_RANGE_LOOP_ANALYSIS = YES;
				CLANG_WARN_STRICT_PROTOTYPES = YES;
				CLANG_WARN_SUSPICIOUS_MOVE = YES;
				CLANG_WARN_UNGUARDED_AVAILABILITY = YES_AGGRESSIVE;
				CLANG_WARN_UNREACHABLE_CODE = YES;
				CLANG_WARN__DUPLICATE_METHOD_MATCH = YES;
				COPY_PHASE_STRIP = NO;
				DEAD_CODE_STRIPPING = YES;
				DEBUG_INFORMATION_FORMAT = "dwarf-with-dsym";
				ENABLE_NS_ASSERTIONS = NO;
				ENABLE_STRICT_OBJC_MSGSEND = YES;
				ENABLE_USER_SCRIPT_SANDBOXING = YES;
				GCC_C_LANGUAGE_STANDARD = gnu17;
				GCC_NO_COMMON_BLOCKS = YES;
				GCC_WARN_64_TO_32_BIT_CONVERSION = YES;
				GCC_WARN_ABOUT_RETURN_TYPE = YES_ERROR;
				GCC_WARN_UNDECLARED_SELECTOR = YES;
				GCC_WARN_UNINITIALIZED_AUTOS = YES_AGGRESSIVE;
				GCC_WARN_UNUSED_FUNCTION = YES;
				GCC_WARN_UNUSED_VARIABLE = YES;
				LOCALIZATION_PREFERS_STRING_CATALOGS = YES;
				MTL_ENABLE_DEBUG_INFO = NO;
				MTL_FAST_MATH = YES;
				SWIFT_COMPILATION_MODE = wholemodule;
				SWIFT_EMIT_LOC_STRINGS = YES;
			};
			name = Release;
		};
		526D4BFA2AF2543B0089A633 /* Debug */ = {
			isa = XCBuildConfiguration;
			buildSettings = {
				ASSETCATALOG_COMPILER_ALTERNATE_APPICON_NAMES = "GradientIcon DarkIcon";
				ASSETCATALOG_COMPILER_APPICON_NAME = AppIcon;
				ASSETCATALOG_COMPILER_GLOBAL_ACCENT_COLOR_NAME = AccentColor;
				ASSETCATALOG_COMPILER_INCLUDE_ALL_APPICON_ASSETS = YES;
				CODE_SIGN_ENTITLEMENTS = "ToS;DR/ToS_DR.entitlements";
				CODE_SIGN_STYLE = Automatic;
				CURRENT_PROJECT_VERSION = 35;
				DEAD_CODE_STRIPPING = YES;
				DEVELOPMENT_ASSET_PATHS = "\"ToS;DR/Preview Content\"";
				DEVELOPMENT_TEAM = R2VD9CXX2L;
				ENABLE_HARDENED_RUNTIME = YES;
				ENABLE_PREVIEWS = YES;
				GENERATE_INFOPLIST_FILE = YES;
				INFOPLIST_FILE = "ToS-DR-Info.plist";
				INFOPLIST_KEY_LSApplicationCategoryType = "public.app-category.utilities";
				"INFOPLIST_KEY_UIApplicationSceneManifest_Generation[sdk=iphoneos*]" = YES;
				"INFOPLIST_KEY_UIApplicationSceneManifest_Generation[sdk=iphonesimulator*]" = YES;
				"INFOPLIST_KEY_UIApplicationSupportsIndirectInputEvents[sdk=iphoneos*]" = YES;
				"INFOPLIST_KEY_UIApplicationSupportsIndirectInputEvents[sdk=iphonesimulator*]" = YES;
				"INFOPLIST_KEY_UILaunchScreen_Generation[sdk=iphoneos*]" = YES;
				"INFOPLIST_KEY_UILaunchScreen_Generation[sdk=iphonesimulator*]" = YES;
				"INFOPLIST_KEY_UIStatusBarStyle[sdk=iphoneos*]" = UIStatusBarStyleDefault;
				"INFOPLIST_KEY_UIStatusBarStyle[sdk=iphonesimulator*]" = UIStatusBarStyleDefault;
				INFOPLIST_KEY_UISupportedInterfaceOrientations_iPad = "UIInterfaceOrientationPortrait UIInterfaceOrientationPortraitUpsideDown UIInterfaceOrientationLandscapeLeft UIInterfaceOrientationLandscapeRight";
				INFOPLIST_KEY_UISupportedInterfaceOrientations_iPhone = "UIInterfaceOrientationPortrait UIInterfaceOrientationLandscapeLeft UIInterfaceOrientationLandscapeRight";
				IPHONEOS_DEPLOYMENT_TARGET = 17.0;
				LD_RUNPATH_SEARCH_PATHS = "@executable_path/Frameworks";
				"LD_RUNPATH_SEARCH_PATHS[sdk=macosx*]" = "@executable_path/../Frameworks";
				LOCALIZED_STRING_SWIFTUI_SUPPORT = NO;
				MACOSX_DEPLOYMENT_TARGET = 14.0;
				MARKETING_VERSION = 1.2.0;
				PRODUCT_BUNDLE_IDENTIFIER = space.ptgms.tosdr;
				PRODUCT_NAME = "$(TARGET_NAME)";
				SDKROOT = auto;
				SUPPORTED_PLATFORMS = "iphoneos iphonesimulator macosx";
				SWIFT_EMIT_LOC_STRINGS = NO;
				SWIFT_VERSION = 5.0;
				TARGETED_DEVICE_FAMILY = "1,2";
			};
			name = Debug;
		};
		526D4BFB2AF2543B0089A633 /* Release */ = {
			isa = XCBuildConfiguration;
			buildSettings = {
				ASSETCATALOG_COMPILER_ALTERNATE_APPICON_NAMES = "GradientIcon DarkIcon";
				ASSETCATALOG_COMPILER_APPICON_NAME = AppIcon;
				ASSETCATALOG_COMPILER_GLOBAL_ACCENT_COLOR_NAME = AccentColor;
				ASSETCATALOG_COMPILER_INCLUDE_ALL_APPICON_ASSETS = YES;
				CODE_SIGN_ENTITLEMENTS = "ToS;DR/ToS_DR.entitlements";
				CODE_SIGN_STYLE = Automatic;
				CURRENT_PROJECT_VERSION = 35;
				DEAD_CODE_STRIPPING = YES;
				DEVELOPMENT_ASSET_PATHS = "\"ToS;DR/Preview Content\"";
				DEVELOPMENT_TEAM = R2VD9CXX2L;
				ENABLE_HARDENED_RUNTIME = YES;
				ENABLE_PREVIEWS = YES;
				GENERATE_INFOPLIST_FILE = YES;
				INFOPLIST_FILE = "ToS-DR-Info.plist";
				INFOPLIST_KEY_LSApplicationCategoryType = "public.app-category.utilities";
				"INFOPLIST_KEY_UIApplicationSceneManifest_Generation[sdk=iphoneos*]" = YES;
				"INFOPLIST_KEY_UIApplicationSceneManifest_Generation[sdk=iphonesimulator*]" = YES;
				"INFOPLIST_KEY_UIApplicationSupportsIndirectInputEvents[sdk=iphoneos*]" = YES;
				"INFOPLIST_KEY_UIApplicationSupportsIndirectInputEvents[sdk=iphonesimulator*]" = YES;
				"INFOPLIST_KEY_UILaunchScreen_Generation[sdk=iphoneos*]" = YES;
				"INFOPLIST_KEY_UILaunchScreen_Generation[sdk=iphonesimulator*]" = YES;
				"INFOPLIST_KEY_UIStatusBarStyle[sdk=iphoneos*]" = UIStatusBarStyleDefault;
				"INFOPLIST_KEY_UIStatusBarStyle[sdk=iphonesimulator*]" = UIStatusBarStyleDefault;
				INFOPLIST_KEY_UISupportedInterfaceOrientations_iPad = "UIInterfaceOrientationPortrait UIInterfaceOrientationPortraitUpsideDown UIInterfaceOrientationLandscapeLeft UIInterfaceOrientationLandscapeRight";
				INFOPLIST_KEY_UISupportedInterfaceOrientations_iPhone = "UIInterfaceOrientationPortrait UIInterfaceOrientationLandscapeLeft UIInterfaceOrientationLandscapeRight";
				IPHONEOS_DEPLOYMENT_TARGET = 17.0;
				LD_RUNPATH_SEARCH_PATHS = "@executable_path/Frameworks";
				"LD_RUNPATH_SEARCH_PATHS[sdk=macosx*]" = "@executable_path/../Frameworks";
				LOCALIZED_STRING_SWIFTUI_SUPPORT = NO;
				MACOSX_DEPLOYMENT_TARGET = 14.0;
				MARKETING_VERSION = 1.2.0;
				PRODUCT_BUNDLE_IDENTIFIER = space.ptgms.tosdr;
				PRODUCT_NAME = "$(TARGET_NAME)";
				SDKROOT = auto;
				SUPPORTED_PLATFORMS = "iphoneos iphonesimulator macosx";
				SWIFT_EMIT_LOC_STRINGS = NO;
				SWIFT_VERSION = 5.0;
				TARGETED_DEVICE_FAMILY = "1,2";
			};
			name = Release;
		};
		52A4DD672AFC571600DB7783 /* Debug */ = {
			isa = XCBuildConfiguration;
			buildSettings = {
				CODE_SIGN_STYLE = Automatic;
				CURRENT_PROJECT_VERSION = 35;
				DEVELOPMENT_TEAM = R2VD9CXX2L;
				GENERATE_INFOPLIST_FILE = YES;
				INFOPLIST_FILE = "iOS (Extension)/Info.plist";
				INFOPLIST_KEY_CFBundleDisplayName = "ToS;DR Extension";
				INFOPLIST_KEY_NSHumanReadableCopyright = "";
				IPHONEOS_DEPLOYMENT_TARGET = 15.0;
				LD_RUNPATH_SEARCH_PATHS = (
					"$(inherited)",
					"@executable_path/Frameworks",
					"@executable_path/../../Frameworks",
				);
				MARKETING_VERSION = 1.2.0;
				OTHER_LDFLAGS = (
					"-framework",
					SafariServices,
				);
				PRODUCT_BUNDLE_IDENTIFIER = space.ptgms.tosdr.Extension;
				PRODUCT_NAME = "ToS;DR Extension Extension iOS";
				SDKROOT = iphoneos;
				SKIP_INSTALL = YES;
				SWIFT_EMIT_LOC_STRINGS = YES;
				SWIFT_VERSION = 5.0;
				TARGETED_DEVICE_FAMILY = "1,2";
			};
			name = Debug;
		};
		52A4DD682AFC571600DB7783 /* Release */ = {
			isa = XCBuildConfiguration;
			buildSettings = {
				CODE_SIGN_STYLE = Automatic;
				CURRENT_PROJECT_VERSION = 35;
				DEVELOPMENT_TEAM = R2VD9CXX2L;
				GENERATE_INFOPLIST_FILE = YES;
				INFOPLIST_FILE = "iOS (Extension)/Info.plist";
				INFOPLIST_KEY_CFBundleDisplayName = "ToS;DR Extension";
				INFOPLIST_KEY_NSHumanReadableCopyright = "";
				IPHONEOS_DEPLOYMENT_TARGET = 15.0;
				LD_RUNPATH_SEARCH_PATHS = (
					"$(inherited)",
					"@executable_path/Frameworks",
					"@executable_path/../../Frameworks",
				);
				MARKETING_VERSION = 1.2.0;
				OTHER_LDFLAGS = (
					"-framework",
					SafariServices,
				);
				PRODUCT_BUNDLE_IDENTIFIER = space.ptgms.tosdr.Extension;
				PRODUCT_NAME = "ToS;DR Extension Extension iOS";
				SDKROOT = iphoneos;
				SKIP_INSTALL = YES;
				SWIFT_EMIT_LOC_STRINGS = YES;
				SWIFT_VERSION = 5.0;
				TARGETED_DEVICE_FAMILY = "1,2";
				VALIDATE_PRODUCT = YES;
			};
			name = Release;
		};
		52A4DD6E2AFC571600DB7783 /* Debug */ = {
			isa = XCBuildConfiguration;
			buildSettings = {
				CODE_SIGN_ENTITLEMENTS = "macOS (Extension)/ToS;DR Extension.entitlements";
				CODE_SIGN_STYLE = Automatic;
				CURRENT_PROJECT_VERSION = 35;
				DEAD_CODE_STRIPPING = YES;
				DEVELOPMENT_TEAM = R2VD9CXX2L;
				ENABLE_HARDENED_RUNTIME = YES;
				GENERATE_INFOPLIST_FILE = YES;
				INFOPLIST_FILE = "macOS (Extension)/Info.plist";
				INFOPLIST_KEY_CFBundleDisplayName = "ToS;DR Extension";
				INFOPLIST_KEY_NSHumanReadableCopyright = "";
				LD_RUNPATH_SEARCH_PATHS = (
					"$(inherited)",
					"@executable_path/../Frameworks",
					"@executable_path/../../../../Frameworks",
				);
				MACOSX_DEPLOYMENT_TARGET = 11.0;
				MARKETING_VERSION = 1.2.0;
				OTHER_LDFLAGS = (
					"-framework",
					SafariServices,
				);
				PRODUCT_BUNDLE_IDENTIFIER = space.ptgms.tosdr.Extension;
				PRODUCT_NAME = "ToS;DR Extension Extension macOS";
				SDKROOT = macosx;
				SKIP_INSTALL = YES;
				SWIFT_EMIT_LOC_STRINGS = YES;
				SWIFT_VERSION = 5.0;
			};
			name = Debug;
		};
		52A4DD6F2AFC571600DB7783 /* Release */ = {
			isa = XCBuildConfiguration;
			buildSettings = {
				CODE_SIGN_ENTITLEMENTS = "macOS (Extension)/ToS;DR Extension.entitlements";
				CODE_SIGN_STYLE = Automatic;
				CURRENT_PROJECT_VERSION = 35;
				DEAD_CODE_STRIPPING = YES;
				DEVELOPMENT_TEAM = R2VD9CXX2L;
				ENABLE_HARDENED_RUNTIME = YES;
				GENERATE_INFOPLIST_FILE = YES;
				INFOPLIST_FILE = "macOS (Extension)/Info.plist";
				INFOPLIST_KEY_CFBundleDisplayName = "ToS;DR Extension";
				INFOPLIST_KEY_NSHumanReadableCopyright = "";
				LD_RUNPATH_SEARCH_PATHS = (
					"$(inherited)",
					"@executable_path/../Frameworks",
					"@executable_path/../../../../Frameworks",
				);
				MACOSX_DEPLOYMENT_TARGET = 11.0;
				MARKETING_VERSION = 1.2.0;
				OTHER_LDFLAGS = (
					"-framework",
					SafariServices,
				);
				PRODUCT_BUNDLE_IDENTIFIER = space.ptgms.tosdr.Extension;
				PRODUCT_NAME = "ToS;DR Extension Extension macOS";
				SDKROOT = macosx;
				SKIP_INSTALL = YES;
				SWIFT_EMIT_LOC_STRINGS = YES;
				SWIFT_VERSION = 5.0;
			};
			name = Release;
		};
/* End XCBuildConfiguration section */

/* Begin XCConfigurationList section */
		526D4BE52AF2543A0089A633 /* Build configuration list for PBXProject "ToS;DR" */ = {
			isa = XCConfigurationList;
			buildConfigurations = (
				526D4BF72AF2543B0089A633 /* Debug */,
				526D4BF82AF2543B0089A633 /* Release */,
			);
			defaultConfigurationIsVisible = 0;
			defaultConfigurationName = Release;
		};
		526D4BF92AF2543B0089A633 /* Build configuration list for PBXNativeTarget "ToS;DR" */ = {
			isa = XCConfigurationList;
			buildConfigurations = (
				526D4BFA2AF2543B0089A633 /* Debug */,
				526D4BFB2AF2543B0089A633 /* Release */,
			);
			defaultConfigurationIsVisible = 0;
			defaultConfigurationName = Release;
		};
		52A4DD662AFC571600DB7783 /* Build configuration list for PBXNativeTarget "ToS;DR Extension Extension (iOS)" */ = {
			isa = XCConfigurationList;
			buildConfigurations = (
				52A4DD672AFC571600DB7783 /* Debug */,
				52A4DD682AFC571600DB7783 /* Release */,
			);
			defaultConfigurationIsVisible = 0;
			defaultConfigurationName = Release;
		};
		52A4DD6D2AFC571600DB7783 /* Build configuration list for PBXNativeTarget "ToS;DR Extension Extension (macOS)" */ = {
			isa = XCConfigurationList;
			buildConfigurations = (
				52A4DD6E2AFC571600DB7783 /* Debug */,
				52A4DD6F2AFC571600DB7783 /* Release */,
			);
			defaultConfigurationIsVisible = 0;
			defaultConfigurationName = Release;
		};
/* End XCConfigurationList section */

/* Begin XCRemoteSwiftPackageReference section */
		5252457E2D4174F5008BED40 /* XCRemoteSwiftPackageReference "FluidGradient" */ = {
			isa = XCRemoteSwiftPackageReference;
			repositoryURL = "https://github.com/Cindori/FluidGradient";
			requirement = {
				kind = upToNextMajorVersion;
				minimumVersion = 1.0.0;
			};
		};
		52D4829C2AFA46AB00736B89 /* XCRemoteSwiftPackageReference "swiftui-cached-async-image" */ = {
			isa = XCRemoteSwiftPackageReference;
			repositoryURL = "https://github.com/lorenzofiamingo/swiftui-cached-async-image";
			requirement = {
				kind = upToNextMajorVersion;
				minimumVersion = 2.1.1;
			};
		};
/* End XCRemoteSwiftPackageReference section */

/* Begin XCSwiftPackageProductDependency section */
		5252457F2D4174F5008BED40 /* FluidGradient */ = {
			isa = XCSwiftPackageProductDependency;
			package = 5252457E2D4174F5008BED40 /* XCRemoteSwiftPackageReference "FluidGradient" */;
			productName = FluidGradient;
		};
		52BF157D2AFAE4F50010BC01 /* CachedAsyncImage */ = {
			isa = XCSwiftPackageProductDependency;
			package = 52D4829C2AFA46AB00736B89 /* XCRemoteSwiftPackageReference "swiftui-cached-async-image" */;
			productName = CachedAsyncImage;
		};
		52D4829D2AFA46AB00736B89 /* CachedAsyncImage */ = {
			isa = XCSwiftPackageProductDependency;
			package = 52D4829C2AFA46AB00736B89 /* XCRemoteSwiftPackageReference "swiftui-cached-async-image" */;
			productName = CachedAsyncImage;
		};
/* End XCSwiftPackageProductDependency section */
	};
	rootObject = 526D4BE22AF2543A0089A633 /* Project object */;
}
